
Microsoft Visual Studio Solution File, Format Version 12.00
# Visual Studio Version 17
VisualStudioVersion = 17.9.34728.123
MinimumVisualStudioVersion = 10.0.40219.1
Project("{FAE04EC0-301F-11D3-BF4B-00C04F79EFBC}") = "OrderService", "OrderService\OrderService.csproj", "{603E7B91-E08C-4C29-9ABE-5404D97D9BF0}"
EndProject
Project("{FAE04EC0-301F-11D3-BF4B-00C04F79EFBC}") = "PaymentService", "PaymentService\PaymentService.csproj", "{B16CA4DE-7B01-4CAB-8240-F7BF6A973564}"
EndProject
Project("{FAE04EC0-301F-11D3-BF4B-00C04F79EFBC}") = "StockService", "StockService\StockService.csproj", "{03A47F35-D839-4D0A-8BD0-50A2C73A8252}"
EndProject
Project("{FAE04EC0-301F-11D3-BF4B-00C04F79EFBC}") = "DeliveryService", "DeliveryService\DeliveryService.csproj", "{652B4B1C-3016-4B5E-AFF0-80A8BCE99114}"
EndProject
Project("{FAE04EC0-301F-11D3-BF4B-00C04F79EFBC}") = "Contracts", "Contracts\Contracts.csproj", "{7B2DDF19-8ED1-423D-86BF-2E15773D4869}"
EndProject
Global
	GlobalSection(SolutionConfigurationPlatforms) = preSolution
		Debug|Any CPU = Debug|Any CPU
		Release|Any CPU = Release|Any CPU
	EndGlobalSection
	GlobalSection(ProjectConfigurationPlatforms) = postSolution
		{603E7B91-E08C-4C29-9ABE-5404D97D9BF0}.Debug|Any CPU.ActiveCfg = Debug|Any CPU
		{603E7B91-E08C-4C29-9ABE-5404D97D9BF0}.Debug|Any CPU.Build.0 = Debug|Any CPU
		{603E7B91-E08C-4C29-9ABE-5404D97D9BF0}.Release|Any CPU.ActiveCfg = Release|Any CPU
		{603E7B91-E08C-4C29-9ABE-5404D97D9BF0}.Release|Any CPU.Build.0 = Release|Any CPU
		{B16CA4DE-7B01-4CAB-8240-F7BF6A973564}.Debug|Any CPU.ActiveCfg = Debug|Any CPU
		{B16CA4DE-7B01-4CAB-8240-F7BF6A973564}.Debug|Any CPU.Build.0 = Debug|Any CPU
		{B16CA4DE-7B01-4CAB-8240-F7BF6A973564}.Release|Any CPU.ActiveCfg = Release|Any CPU
		{B16CA4DE-7B01-4CAB-8240-F7BF6A973564}.Release|Any CPU.Build.0 = Release|Any CPU
		{03A47F35-D839-4D0A-8BD0-50A2C73A8252}.Debug|Any CPU.ActiveCfg = Debug|Any CPU
		{03A47F35-D839-4D0A-8BD0-50A2C73A8252}.Debug|Any CPU.Build.0 = Debug|Any CPU
		{03A47F35-D839-4D0A-8BD0-50A2C73A8252}.Release|Any CPU.ActiveCfg = Release|Any CPU
		{03A47F35-D839-4D0A-8BD0-50A2C73A8252}.Release|Any CPU.Build.0 = Release|Any CPU
		{652B4B1C-3016-4B5E-AFF0-80A8BCE99114}.Debug|Any CPU.ActiveCfg = Debug|Any CPU
		{652B4B1C-3016-4B5E-AFF0-80A8BCE99114}.Debug|Any CPU.Build.0 = Debug|Any CPU
		{652B4B1C-3016-4B5E-AFF0-80A8BCE99114}.Release|Any CPU.ActiveCfg = Release|Any CPU
		{652B4B1C-3016-4B5E-AFF0-80A8BCE99114}.Release|Any CPU.Build.0 = Release|Any CPU
		{7B2DDF19-8ED1-423D-86BF-2E15773D4869}.Debug|Any CPU.ActiveCfg = Debug|Any CPU
		{7B2DDF19-8ED1-423D-86BF-2E15773D4869}.Debug|Any CPU.Build.0 = Debug|Any CPU
		{7B2DDF19-8ED1-423D-86BF-2E15773D4869}.Release|Any CPU.ActiveCfg = Release|Any CPU
		{7B2DDF19-8ED1-423D-86BF-2E15773D4869}.Release|Any CPU.Build.0 = Release|Any CPU
	EndGlobalSection
	GlobalSection(SolutionProperties) = preSolution
		HideSolutionNode = FALSE
	EndGlobalSection
	GlobalSection(ExtensibilityGlobals) = postSolution
		SolutionGuid = {B84253DD-D324-4AF3-A73A-4C10B187F23A}
	EndGlobalSection
EndGlobal
